
Microsoft Visual Studio Solution File, Format Version 12.00
# Visual Studio Version 16
VisualStudioVersion = 16.0.33214.272
MinimumVisualStudioVersion = 10.0.40219.1
Project("{FAE04EC0-301F-11D3-BF4B-00C04F79EFBC}") = "Zugferdt2pdf", "Zugferdt2pdf.csproj", "{C633905C-CC32-424E-B5DE-391EE12FFBAD}"
EndProject
Global
	GlobalSection(SolutionConfigurationPlatforms) = preSolution
		Debug|Any CPU = Debug|Any CPU
		Release|Any CPU = Release|Any CPU
	EndGlobalSection
	GlobalSection(ProjectConfigurationPlatforms) = postSolution
		{C633905C-CC32-424E-B5DE-391EE12FFBAD}.Debug|Any CPU.ActiveCfg = Debug|Any CPU
		{C633905C-CC32-424E-B5DE-391EE12FFBAD}.Debug|Any CPU.Build.0 = Debug|Any CPU
		{C633905C-CC32-424E-B5DE-391EE12FFBAD}.Release|Any CPU.ActiveCfg = Release|Any CPU
		{C633905C-CC32-424E-B5DE-391EE12FFBAD}.Release|Any CPU.Build.0 = Release|Any CPU
	EndGlobalSection
	GlobalSection(SolutionProperties) = preSolution
		HideSolutionNode = FALSE
	EndGlobalSection
	GlobalSection(ExtensibilityGlobals) = postSolution
		SolutionGuid = {866B58C2-4E19-4493-B873-C218D1C9CA34}
	EndGlobalSection
	GlobalSection(TeamFoundationVersionControl) = preSolution
		SccNumberOfProjects = 1
		SccEnterpriseProvider = {4CA58AB2-18FA-4F8D-95D4-32DDF27D184C}
		SccTeamFoundationServer = https://dev.azure.com/ufit-solutions
		SccProjectUniqueName0 = Zugferdt2pdf.csproj
		SccProjectName0 = .
		SccAuxPath0 = https://dev.azure.com/ufit-solutions
		SccLocalPath0 = .
		SccProvider0 = {4CA58AB2-18FA-4F8D-95D4-32DDF27D184C}
	EndGlobalSection
EndGlobal
